
Microsoft Visual Studio Solution File, Format Version 12.00
# Visual Studio 15
VisualStudioVersion = 15.0.27428.2043
MinimumVisualStudioVersion = 10.0.40219.1
Project("{FAE04EC0-301F-11D3-BF4B-00C04F79EFBC}") = "PowtorkaPawel", "PowtorkaPawel\PowtorkaPawel.csproj", "{FC569BC0-DD3E-449B-8954-4022A2A97735}"
EndProject
Global
	GlobalSection(SolutionConfigurationPlatforms) = preSolution
		Debug|Any CPU = Debug|Any CPU
		Release|Any CPU = Release|Any CPU
	EndGlobalSection
	GlobalSection(ProjectConfigurationPlatforms) = postSolution
		{FC569BC0-DD3E-449B-8954-4022A2A97735}.Debug|Any CPU.ActiveCfg = Debug|Any CPU
		{FC569BC0-DD3E-449B-8954-4022A2A97735}.Debug|Any CPU.Build.0 = Debug|Any CPU
		{FC569BC0-DD3E-449B-8954-4022A2A97735}.Release|Any CPU.ActiveCfg = Release|Any CPU
		{FC569BC0-DD3E-449B-8954-4022A2A97735}.Release|Any CPU.Build.0 = Release|Any CPU
	EndGlobalSection
	GlobalSection(SolutionProperties) = preSolution
		HideSolutionNode = FALSE
	EndGlobalSection
	GlobalSection(ExtensibilityGlobals) = postSolution
		SolutionGuid = {F7C45CD2-6179-480F-814B-A7BD43C16101}
	EndGlobalSection
EndGlobal
